
Microsoft Visual Studio Solution File, Format Version 12.00
# Visual Studio 15
VisualStudioVersion = 15.0.27130.2027
MinimumVisualStudioVersion = 10.0.40219.1
Project("{FAE04EC0-301F-11D3-BF4B-00C04F79EFBC}") = "MonoGameInputAndText", "MonoGameInputAndText\MonoGameInputAndText.csproj", "{AA23449B-A125-4302-9082-A558211A1693}"
EndProject
Global
	GlobalSection(SolutionConfigurationPlatforms) = preSolution
		Debug|x86 = Debug|x86
		Release|x86 = Release|x86
	EndGlobalSection
	GlobalSection(ProjectConfigurationPlatforms) = postSolution
		{AA23449B-A125-4302-9082-A558211A1693}.Debug|x86.ActiveCfg = Debug|x86
		{AA23449B-A125-4302-9082-A558211A1693}.Debug|x86.Build.0 = Debug|x86
		{AA23449B-A125-4302-9082-A558211A1693}.Release|x86.ActiveCfg = Release|x86
		{AA23449B-A125-4302-9082-A558211A1693}.Release|x86.Build.0 = Release|x86
	EndGlobalSection
	GlobalSection(SolutionProperties) = preSolution
		HideSolutionNode = FALSE
	EndGlobalSection
	GlobalSection(ExtensibilityGlobals) = postSolution
		SolutionGuid = {36BF0276-6B13-4906-BC7E-6F89AAA5D00E}
	EndGlobalSection
EndGlobal
